
Microsoft Visual Studio Solution File, Format Version 12.00
Project("{FAE04EC0-301F-11D3-BF4B-00C04F79EFBC}") = "AdventOfCode22", "AdventOfCode22.csproj", "{A6270AB8-B91D-4B32-9E2C-C62B3D40ECE2}"
EndProject
Global
	GlobalSection(SolutionConfigurationPlatforms) = preSolution
		Debug|Any CPU = Debug|Any CPU
		Release|Any CPU = Release|Any CPU
	EndGlobalSection
	GlobalSection(ProjectConfigurationPlatforms) = postSolution
		{A6270AB8-B91D-4B32-9E2C-C62B3D40ECE2}.Debug|Any CPU.ActiveCfg = Debug|Any CPU
		{A6270AB8-B91D-4B32-9E2C-C62B3D40ECE2}.Debug|Any CPU.Build.0 = Debug|Any CPU
		{A6270AB8-B91D-4B32-9E2C-C62B3D40ECE2}.Release|Any CPU.ActiveCfg = Release|Any CPU
		{A6270AB8-B91D-4B32-9E2C-C62B3D40ECE2}.Release|Any CPU.Build.0 = Release|Any CPU
	EndGlobalSection
EndGlobal
